
Microsoft Visual Studio Solution File, Format Version 12.00
# Visual Studio Version 16
VisualStudioVersion = 16.0.31205.134
MinimumVisualStudioVersion = 10.0.40219.1
Project("{FAE04EC0-301F-11D3-BF4B-00C04F79EFBC}") = "MaharChildrenAcademyAdmin", "MaharChildrenAcademyAdmin\MaharChildrenAcademyAdmin.csproj", "{C53EDB89-3FEE-48EB-A94B-F4AA0DF5DE2C}"
EndProject
Global
	GlobalSection(SolutionConfigurationPlatforms) = preSolution
		Debug|Any CPU = Debug|Any CPU
		Release|Any CPU = Release|Any CPU
	EndGlobalSection
	GlobalSection(ProjectConfigurationPlatforms) = postSolution
		{C53EDB89-3FEE-48EB-A94B-F4AA0DF5DE2C}.Debug|Any CPU.ActiveCfg = Debug|Any CPU
		{C53EDB89-3FEE-48EB-A94B-F4AA0DF5DE2C}.Debug|Any CPU.Build.0 = Debug|Any CPU
		{C53EDB89-3FEE-48EB-A94B-F4AA0DF5DE2C}.Release|Any CPU.ActiveCfg = Release|Any CPU
		{C53EDB89-3FEE-48EB-A94B-F4AA0DF5DE2C}.Release|Any CPU.Build.0 = Release|Any CPU
	EndGlobalSection
	GlobalSection(SolutionProperties) = preSolution
		HideSolutionNode = FALSE
	EndGlobalSection
	GlobalSection(ExtensibilityGlobals) = postSolution
		SolutionGuid = {A5FD4BE2-A5A7-438F-96A7-18C3B6636260}
	EndGlobalSection
EndGlobal
